payload:
#emby
- DOMAIN,cf.imetyou.top
#- DOMAIN,emby.taotu.ink
- DOMAIN,link01.okemby.org
- DOMAIN,link00.okemby.org
#
- DOMAIN-KEYWORD,91cg8.com
- DOMAIN-KEYWORD,cgw32.com
- DOMAIN-KEYWORD,cg51.com
- DOMAIN-KEYWORD,rou.video
- DOMAIN-KEYWORD,hanime1
- DOMAIN-KEYWORD,v.rn
- DOMAIN-KEYWORD,hembed
- DOMAIN-KEYWORD,guaiguaiemby
